
Microsoft Visual Studio Solution File, Format Version 12.00
# Visual Studio 15
VisualStudioVersion = 15.0.26430.6
MinimumVisualStudioVersion = 10.0.40219.1
Project("{9A19103F-16F7-4668-BE54-9A1E7A4F7556}") = "RedisMessageBus.Server", "RedisMessageBus.Server\RedisMessageBus.Server.csproj", "{7ED79021-63C8-40F5-98E9-954A931C3738}"
EndProject
Project("{9A19103F-16F7-4668-BE54-9A1E7A4F7556}") = "RedisMessageBus.Shared", "RedisMessageBus.Shared\RedisMessageBus.Shared.csproj", "{410C2176-4883-4FFB-A224-72BAA205D9F3}"
EndProject
Project("{9A19103F-16F7-4668-BE54-9A1E7A4F7556}") = "RQueue", "RQueue\RQueue.csproj", "{27838C7A-B6AC-458A-953D-DFBE1FF1B242}"
EndProject
Project("{9A19103F-16F7-4668-BE54-9A1E7A4F7556}") = "RQueue.Test", "RQueue.Test\RQueue.Test.csproj", "{3EC9114D-1AD3-4A2F-B5BF-08B23619D1FB}"
EndProject
Project("{2150E333-8FDC-42A3-9474-1A3956D46DE8}") = "ConsoleAppTests", "ConsoleAppTests", "{0DB27794-3F9A-41B4-AB61-9DF00D23AFC3}"
EndProject
Project("{9A19103F-16F7-4668-BE54-9A1E7A4F7556}") = "ConsoleWorker", "ConsoleWorker\ConsoleWorker.csproj", "{A813B286-C442-4758-AB0C-6A62D3208A93}"
EndProject
Project("{9A19103F-16F7-4668-BE54-9A1E7A4F7556}") = "ConsoleClient", "ConsoleClient\ConsoleClient.csproj", "{77EAE1C4-F05E-4CD4-9985-80F1717C188E}"
EndProject
Global
	GlobalSection(SolutionConfigurationPlatforms) = preSolution
		Debug|Any CPU = Debug|Any CPU
		Release|Any CPU = Release|Any CPU
	EndGlobalSection
	GlobalSection(ProjectConfigurationPlatforms) = postSolution
		{7ED79021-63C8-40F5-98E9-954A931C3738}.Debug|Any CPU.ActiveCfg = Debug|Any CPU
		{7ED79021-63C8-40F5-98E9-954A931C3738}.Debug|Any CPU.Build.0 = Debug|Any CPU
		{7ED79021-63C8-40F5-98E9-954A931C3738}.Release|Any CPU.ActiveCfg = Release|Any CPU
		{7ED79021-63C8-40F5-98E9-954A931C3738}.Release|Any CPU.Build.0 = Release|Any CPU
		{410C2176-4883-4FFB-A224-72BAA205D9F3}.Debug|Any CPU.ActiveCfg = Debug|Any CPU
		{410C2176-4883-4FFB-A224-72BAA205D9F3}.Debug|Any CPU.Build.0 = Debug|Any CPU
		{410C2176-4883-4FFB-A224-72BAA205D9F3}.Release|Any CPU.ActiveCfg = Release|Any CPU
		{410C2176-4883-4FFB-A224-72BAA205D9F3}.Release|Any CPU.Build.0 = Release|Any CPU
		{27838C7A-B6AC-458A-953D-DFBE1FF1B242}.Debug|Any CPU.ActiveCfg = Debug|Any CPU
		{27838C7A-B6AC-458A-953D-DFBE1FF1B242}.Debug|Any CPU.Build.0 = Debug|Any CPU
		{27838C7A-B6AC-458A-953D-DFBE1FF1B242}.Release|Any CPU.ActiveCfg = Release|Any CPU
		{27838C7A-B6AC-458A-953D-DFBE1FF1B242}.Release|Any CPU.Build.0 = Release|Any CPU
		{3EC9114D-1AD3-4A2F-B5BF-08B23619D1FB}.Debug|Any CPU.ActiveCfg = Debug|Any CPU
		{3EC9114D-1AD3-4A2F-B5BF-08B23619D1FB}.Debug|Any CPU.Build.0 = Debug|Any CPU
		{3EC9114D-1AD3-4A2F-B5BF-08B23619D1FB}.Release|Any CPU.ActiveCfg = Release|Any CPU
		{3EC9114D-1AD3-4A2F-B5BF-08B23619D1FB}.Release|Any CPU.Build.0 = Release|Any CPU
		{A813B286-C442-4758-AB0C-6A62D3208A93}.Debug|Any CPU.ActiveCfg = Debug|Any CPU
		{A813B286-C442-4758-AB0C-6A62D3208A93}.Debug|Any CPU.Build.0 = Debug|Any CPU
		{A813B286-C442-4758-AB0C-6A62D3208A93}.Release|Any CPU.ActiveCfg = Release|Any CPU
		{A813B286-C442-4758-AB0C-6A62D3208A93}.Release|Any CPU.Build.0 = Release|Any CPU
		{77EAE1C4-F05E-4CD4-9985-80F1717C188E}.Debug|Any CPU.ActiveCfg = Debug|Any CPU
		{77EAE1C4-F05E-4CD4-9985-80F1717C188E}.Debug|Any CPU.Build.0 = Debug|Any CPU
		{77EAE1C4-F05E-4CD4-9985-80F1717C188E}.Release|Any CPU.ActiveCfg = Release|Any CPU
		{77EAE1C4-F05E-4CD4-9985-80F1717C188E}.Release|Any CPU.Build.0 = Release|Any CPU
	EndGlobalSection
	GlobalSection(SolutionProperties) = preSolution
		HideSolutionNode = FALSE
	EndGlobalSection
	GlobalSection(NestedProjects) = preSolution
		{A813B286-C442-4758-AB0C-6A62D3208A93} = {0DB27794-3F9A-41B4-AB61-9DF00D23AFC3}
		{77EAE1C4-F05E-4CD4-9985-80F1717C188E} = {0DB27794-3F9A-41B4-AB61-9DF00D23AFC3}
	EndGlobalSection
EndGlobal
